
Microsoft Visual Studio Solution File, Format Version 12.00
# Visual Studio Version 16
VisualStudioVersion = 16.0.31005.135
MinimumVisualStudioVersion = 10.0.40219.1
Project("{8BC9CEB8-8B4A-11D0-8D11-00A0C91BC942}") = "Server", "Server\Server.vcxproj", "{ED3F9003-2363-4115-AE66-CCCC9844B52A}"
EndProject
Project("{8BC9CEB8-8B4A-11D0-8D11-00A0C91BC942}") = "MasterPlugin", "MasterPlugin\MasterPlugin.vcxproj", "{61716E21-F1E3-4BBD-A467-FD98E9091B07}"
EndProject
Project("{8BC9CEB8-8B4A-11D0-8D11-00A0C91BC942}") = "ServerNetPlugin", "ServerNetPlugin\ServerNetPlugin.vcxproj", "{97701F41-896F-4BE4-9B61-F857A243C06F}"
EndProject
Project("{8BC9CEB8-8B4A-11D0-8D11-00A0C91BC942}") = "ActorPlugin", "ActorPlugin\ActorPlugin.vcxproj", "{44FA5ECE-8DD4-4A5A-B198-133C5985FA32}"
EndProject
Global
	GlobalSection(SolutionConfigurationPlatforms) = preSolution
		Debug|ARM = Debug|ARM
		Debug|ARM64 = Debug|ARM64
		Debug|x64 = Debug|x64
		Debug|x86 = Debug|x86
		Release|ARM = Release|ARM
		Release|ARM64 = Release|ARM64
		Release|x64 = Release|x64
		Release|x86 = Release|x86
	EndGlobalSection
	GlobalSection(ProjectConfigurationPlatforms) = postSolution
		{ED3F9003-2363-4115-AE66-CCCC9844B52A}.Debug|ARM.ActiveCfg = Debug|ARM
		{ED3F9003-2363-4115-AE66-CCCC9844B52A}.Debug|ARM.Build.0 = Debug|ARM
		{ED3F9003-2363-4115-AE66-CCCC9844B52A}.Debug|ARM.Deploy.0 = Debug|ARM
		{ED3F9003-2363-4115-AE66-CCCC9844B52A}.Debug|ARM64.ActiveCfg = Debug|ARM64
		{ED3F9003-2363-4115-AE66-CCCC9844B52A}.Debug|ARM64.Build.0 = Debug|ARM64
		{ED3F9003-2363-4115-AE66-CCCC9844B52A}.Debug|ARM64.Deploy.0 = Debug|ARM64
		{ED3F9003-2363-4115-AE66-CCCC9844B52A}.Debug|x64.ActiveCfg = Debug|x64
		{ED3F9003-2363-4115-AE66-CCCC9844B52A}.Debug|x64.Build.0 = Debug|x64
		{ED3F9003-2363-4115-AE66-CCCC9844B52A}.Debug|x64.Deploy.0 = Debug|x64
		{ED3F9003-2363-4115-AE66-CCCC9844B52A}.Debug|x86.ActiveCfg = Debug|x86
		{ED3F9003-2363-4115-AE66-CCCC9844B52A}.Debug|x86.Build.0 = Debug|x86
		{ED3F9003-2363-4115-AE66-CCCC9844B52A}.Debug|x86.Deploy.0 = Debug|x86
		{ED3F9003-2363-4115-AE66-CCCC9844B52A}.Release|ARM.ActiveCfg = Release|ARM
		{ED3F9003-2363-4115-AE66-CCCC9844B52A}.Release|ARM.Build.0 = Release|ARM
		{ED3F9003-2363-4115-AE66-CCCC9844B52A}.Release|ARM.Deploy.0 = Release|ARM
		{ED3F9003-2363-4115-AE66-CCCC9844B52A}.Release|ARM64.ActiveCfg = Release|ARM64
		{ED3F9003-2363-4115-AE66-CCCC9844B52A}.Release|ARM64.Build.0 = Release|ARM64
		{ED3F9003-2363-4115-AE66-CCCC9844B52A}.Release|ARM64.Deploy.0 = Release|ARM64
		{ED3F9003-2363-4115-AE66-CCCC9844B52A}.Release|x64.ActiveCfg = Release|x64
		{ED3F9003-2363-4115-AE66-CCCC9844B52A}.Release|x64.Build.0 = Release|x64
		{ED3F9003-2363-4115-AE66-CCCC9844B52A}.Release|x64.Deploy.0 = Release|x64
		{ED3F9003-2363-4115-AE66-CCCC9844B52A}.Release|x86.ActiveCfg = Release|x86
		{ED3F9003-2363-4115-AE66-CCCC9844B52A}.Release|x86.Build.0 = Release|x86
		{ED3F9003-2363-4115-AE66-CCCC9844B52A}.Release|x86.Deploy.0 = Release|x86
		{61716E21-F1E3-4BBD-A467-FD98E9091B07}.Debug|ARM.ActiveCfg = Debug|ARM
		{61716E21-F1E3-4BBD-A467-FD98E9091B07}.Debug|ARM.Build.0 = Debug|ARM
		{61716E21-F1E3-4BBD-A467-FD98E9091B07}.Debug|ARM.Deploy.0 = Debug|ARM
		{61716E21-F1E3-4BBD-A467-FD98E9091B07}.Debug|ARM64.ActiveCfg = Debug|ARM64
		{61716E21-F1E3-4BBD-A467-FD98E9091B07}.Debug|ARM64.Build.0 = Debug|ARM64
		{61716E21-F1E3-4BBD-A467-FD98E9091B07}.Debug|ARM64.Deploy.0 = Debug|ARM64
		{61716E21-F1E3-4BBD-A467-FD98E9091B07}.Debug|x64.ActiveCfg = Debug|x64
		{61716E21-F1E3-4BBD-A467-FD98E9091B07}.Debug|x64.Build.0 = Debug|x64
		{61716E21-F1E3-4BBD-A467-FD98E9091B07}.Debug|x64.Deploy.0 = Debug|x64
		{61716E21-F1E3-4BBD-A467-FD98E9091B07}.Debug|x86.ActiveCfg = Debug|x86
		{61716E21-F1E3-4BBD-A467-FD98E9091B07}.Debug|x86.Build.0 = Debug|x86
		{61716E21-F1E3-4BBD-A467-FD98E9091B07}.Debug|x86.Deploy.0 = Debug|x86
		{61716E21-F1E3-4BBD-A467-FD98E9091B07}.Release|ARM.ActiveCfg = Release|ARM
		{61716E21-F1E3-4BBD-A467-FD98E9091B07}.Release|ARM.Build.0 = Release|ARM
		{61716E21-F1E3-4BBD-A467-FD98E9091B07}.Release|ARM.Deploy.0 = Release|ARM
		{61716E21-F1E3-4BBD-A467-FD98E9091B07}.Release|ARM64.ActiveCfg = Release|ARM64
		{61716E21-F1E3-4BBD-A467-FD98E9091B07}.Release|ARM64.Build.0 = Release|ARM64
		{61716E21-F1E3-4BBD-A467-FD98E9091B07}.Release|ARM64.Deploy.0 = Release|ARM64
		{61716E21-F1E3-4BBD-A467-FD98E9091B07}.Release|x64.ActiveCfg = Release|x64
		{61716E21-F1E3-4BBD-A467-FD98E9091B07}.Release|x64.Build.0 = Release|x64
		{61716E21-F1E3-4BBD-A467-FD98E9091B07}.Release|x64.Deploy.0 = Release|x64
		{61716E21-F1E3-4BBD-A467-FD98E9091B07}.Release|x86.ActiveCfg = Release|x86
		{61716E21-F1E3-4BBD-A467-FD98E9091B07}.Release|x86.Build.0 = Release|x86
		{61716E21-F1E3-4BBD-A467-FD98E9091B07}.Release|x86.Deploy.0 = Release|x86
		{97701F41-896F-4BE4-9B61-F857A243C06F}.Debug|ARM.ActiveCfg = Debug|ARM
		{97701F41-896F-4BE4-9B61-F857A243C06F}.Debug|ARM.Build.0 = Debug|ARM
		{97701F41-896F-4BE4-9B61-F857A243C06F}.Debug|ARM.Deploy.0 = Debug|ARM
		{97701F41-896F-4BE4-9B61-F857A243C06F}.Debug|ARM64.ActiveCfg = Debug|ARM64
		{97701F41-896F-4BE4-9B61-F857A243C06F}.Debug|ARM64.Build.0 = Debug|ARM64
		{97701F41-896F-4BE4-9B61-F857A243C06F}.Debug|ARM64.Deploy.0 = Debug|ARM64
		{97701F41-896F-4BE4-9B61-F857A243C06F}.Debug|x64.ActiveCfg = Debug|x64
		{97701F41-896F-4BE4-9B61-F857A243C06F}.Debug|x64.Build.0 = Debug|x64
		{97701F41-896F-4BE4-9B61-F857A243C06F}.Debug|x64.Deploy.0 = Debug|x64
		{97701F41-896F-4BE4-9B61-F857A243C06F}.Debug|x86.ActiveCfg = Debug|x86
		{97701F41-896F-4BE4-9B61-F857A243C06F}.Debug|x86.Build.0 = Debug|x86
		{97701F41-896F-4BE4-9B61-F857A243C06F}.Debug|x86.Deploy.0 = Debug|x86
		{97701F41-896F-4BE4-9B61-F857A243C06F}.Release|ARM.ActiveCfg = Release|ARM
		{97701F41-896F-4BE4-9B61-F857A243C06F}.Release|ARM.Build.0 = Release|ARM
		{97701F41-896F-4BE4-9B61-F857A243C06F}.Release|ARM.Deploy.0 = Release|ARM
		{97701F41-896F-4BE4-9B61-F857A243C06F}.Release|ARM64.ActiveCfg = Release|ARM64
		{97701F41-896F-4BE4-9B61-F857A243C06F}.Release|ARM64.Build.0 = Release|ARM64
		{97701F41-896F-4BE4-9B61-F857A243C06F}.Release|ARM64.Deploy.0 = Release|ARM64
		{97701F41-896F-4BE4-9B61-F857A243C06F}.Release|x64.ActiveCfg = Release|x64
		{97701F41-896F-4BE4-9B61-F857A243C06F}.Release|x64.Build.0 = Release|x64
		{97701F41-896F-4BE4-9B61-F857A243C06F}.Release|x64.Deploy.0 = Release|x64
		{97701F41-896F-4BE4-9B61-F857A243C06F}.Release|x86.ActiveCfg = Release|x86
		{97701F41-896F-4BE4-9B61-F857A243C06F}.Release|x86.Build.0 = Release|x86
		{97701F41-896F-4BE4-9B61-F857A243C06F}.Release|x86.Deploy.0 = Release|x86
		{44FA5ECE-8DD4-4A5A-B198-133C5985FA32}.Debug|ARM.ActiveCfg = Debug|ARM
		{44FA5ECE-8DD4-4A5A-B198-133C5985FA32}.Debug|ARM.Build.0 = Debug|ARM
		{44FA5ECE-8DD4-4A5A-B198-133C5985FA32}.Debug|ARM.Deploy.0 = Debug|ARM
		{44FA5ECE-8DD4-4A5A-B198-133C5985FA32}.Debug|ARM64.ActiveCfg = Debug|ARM64
		{44FA5ECE-8DD4-4A5A-B198-133C5985FA32}.Debug|ARM64.Build.0 = Debug|ARM64
		{44FA5ECE-8DD4-4A5A-B198-133C5985FA32}.Debug|ARM64.Deploy.0 = Debug|ARM64
		{44FA5ECE-8DD4-4A5A-B198-133C5985FA32}.Debug|x64.ActiveCfg = Debug|x64
		{44FA5ECE-8DD4-4A5A-B198-133C5985FA32}.Debug|x64.Build.0 = Debug|x64
		{44FA5ECE-8DD4-4A5A-B198-133C5985FA32}.Debug|x64.Deploy.0 = Debug|x64
		{44FA5ECE-8DD4-4A5A-B198-133C5985FA32}.Debug|x86.ActiveCfg = Debug|x86
		{44FA5ECE-8DD4-4A5A-B198-133C5985FA32}.Debug|x86.Build.0 = Debug|x86
		{44FA5ECE-8DD4-4A5A-B198-133C5985FA32}.Debug|x86.Deploy.0 = Debug|x86
		{44FA5ECE-8DD4-4A5A-B198-133C5985FA32}.Release|ARM.ActiveCfg = Release|ARM
		{44FA5ECE-8DD4-4A5A-B198-133C5985FA32}.Release|ARM.Build.0 = Release|ARM
		{44FA5ECE-8DD4-4A5A-B198-133C5985FA32}.Release|ARM.Deploy.0 = Release|ARM
		{44FA5ECE-8DD4-4A5A-B198-133C5985FA32}.Release|ARM64.ActiveCfg = Release|ARM64
		{44FA5ECE-8DD4-4A5A-B198-133C5985FA32}.Release|ARM64.Build.0 = Release|ARM64
		{44FA5ECE-8DD4-4A5A-B198-133C5985FA32}.Release|ARM64.Deploy.0 = Release|ARM64
		{44FA5ECE-8DD4-4A5A-B198-133C5985FA32}.Release|x64.ActiveCfg = Release|x64
		{44FA5ECE-8DD4-4A5A-B198-133C5985FA32}.Release|x64.Build.0 = Release|x64
		{44FA5ECE-8DD4-4A5A-B198-133C5985FA32}.Release|x64.Deploy.0 = Release|x64
		{44FA5ECE-8DD4-4A5A-B198-133C5985FA32}.Release|x86.ActiveCfg = Release|x86
		{44FA5ECE-8DD4-4A5A-B198-133C5985FA32}.Release|x86.Build.0 = Release|x86
		{44FA5ECE-8DD4-4A5A-B198-133C5985FA32}.Release|x86.Deploy.0 = Release|x86
	EndGlobalSection
	GlobalSection(SolutionProperties) = preSolution
		HideSolutionNode = FALSE
	EndGlobalSection
	GlobalSection(ExtensibilityGlobals) = postSolution
		SolutionGuid = {4120EFC4-8D3B-4B9B-A57F-E7B10064B85F}
	EndGlobalSection
EndGlobal
