
Microsoft Visual Studio Solution File, Format Version 12.00
# Visual Studio Version 16
VisualStudioVersion = 16.0.31005.135
MinimumVisualStudioVersion = 10.0.40219.1
Project("{8BC9CEB8-8B4A-11D0-8D11-00A0C91BC942}") = "Server", "Server\Server.vcxproj", "{ED3F9003-2363-4115-AE66-CCCC9844B52A}"
EndProject
Project("{8BC9CEB8-8B4A-11D0-8D11-00A0C91BC942}") = "MasterPlugin", "MasterPlugin\MasterPlugin.vcxproj", "{61716E21-F1E3-4BBD-A467-FD98E9091B07}"
EndProject
Project("{8BC9CEB8-8B4A-11D0-8D11-00A0C91BC942}") = "ServerNetPlugin", "ServerNetPlugin\ServerNetPlugin.vcxproj", "{97701F41-896F-4BE4-9B61-F857A243C06F}"
EndProject
Project("{8BC9CEB8-8B4A-11D0-8D11-00A0C91BC942}") = "ActorPlugin", "ActorPlugin\ActorPlugin.vcxproj", "{44FA5ECE-8DD4-4A5A-B198-133C5985FA32}"
EndProject
Project("{8BC9CEB8-8B4A-11D0-8D11-00A0C91BC942}") = "ConfigPlugin", "ConfigPlugin\ConfigPlugin.vcxproj", "{23DE3BF1-D156-44F8-B163-DFC4861AC179}"
EndProject
Project("{8BC9CEB8-8B4A-11D0-8D11-00A0C91BC942}") = "LoginPlugin", "LoginPlugin\LoginPlugin.vcxproj", "{F171472F-87D2-49B2-9BC7-5AA7A2B100B1}"
EndProject
Global
	GlobalSection(SolutionConfigurationPlatforms) = preSolution
		Debug|x64 = Debug|x64
		Release|x64 = Release|x64
	EndGlobalSection
	GlobalSection(ProjectConfigurationPlatforms) = postSolution
		{ED3F9003-2363-4115-AE66-CCCC9844B52A}.Debug|x64.ActiveCfg = Debug|x64
		{ED3F9003-2363-4115-AE66-CCCC9844B52A}.Debug|x64.Build.0 = Debug|x64
		{ED3F9003-2363-4115-AE66-CCCC9844B52A}.Debug|x64.Deploy.0 = Debug|x64
		{ED3F9003-2363-4115-AE66-CCCC9844B52A}.Release|x64.ActiveCfg = Release|x64
		{ED3F9003-2363-4115-AE66-CCCC9844B52A}.Release|x64.Build.0 = Release|x64
		{ED3F9003-2363-4115-AE66-CCCC9844B52A}.Release|x64.Deploy.0 = Release|x64
		{61716E21-F1E3-4BBD-A467-FD98E9091B07}.Debug|x64.ActiveCfg = Debug|x64
		{61716E21-F1E3-4BBD-A467-FD98E9091B07}.Debug|x64.Build.0 = Debug|x64
		{61716E21-F1E3-4BBD-A467-FD98E9091B07}.Debug|x64.Deploy.0 = Debug|x64
		{61716E21-F1E3-4BBD-A467-FD98E9091B07}.Release|x64.ActiveCfg = Release|x64
		{61716E21-F1E3-4BBD-A467-FD98E9091B07}.Release|x64.Build.0 = Release|x64
		{61716E21-F1E3-4BBD-A467-FD98E9091B07}.Release|x64.Deploy.0 = Release|x64
		{97701F41-896F-4BE4-9B61-F857A243C06F}.Debug|x64.ActiveCfg = Debug|x64
		{97701F41-896F-4BE4-9B61-F857A243C06F}.Debug|x64.Build.0 = Debug|x64
		{97701F41-896F-4BE4-9B61-F857A243C06F}.Debug|x64.Deploy.0 = Debug|x64
		{97701F41-896F-4BE4-9B61-F857A243C06F}.Release|x64.ActiveCfg = Release|x64
		{97701F41-896F-4BE4-9B61-F857A243C06F}.Release|x64.Build.0 = Release|x64
		{97701F41-896F-4BE4-9B61-F857A243C06F}.Release|x64.Deploy.0 = Release|x64
		{44FA5ECE-8DD4-4A5A-B198-133C5985FA32}.Debug|x64.ActiveCfg = Debug|x64
		{44FA5ECE-8DD4-4A5A-B198-133C5985FA32}.Debug|x64.Build.0 = Debug|x64
		{44FA5ECE-8DD4-4A5A-B198-133C5985FA32}.Debug|x64.Deploy.0 = Debug|x64
		{44FA5ECE-8DD4-4A5A-B198-133C5985FA32}.Release|x64.ActiveCfg = Release|x64
		{44FA5ECE-8DD4-4A5A-B198-133C5985FA32}.Release|x64.Build.0 = Release|x64
		{44FA5ECE-8DD4-4A5A-B198-133C5985FA32}.Release|x64.Deploy.0 = Release|x64
		{23DE3BF1-D156-44F8-B163-DFC4861AC179}.Debug|x64.ActiveCfg = Debug|x64
		{23DE3BF1-D156-44F8-B163-DFC4861AC179}.Debug|x64.Build.0 = Debug|x64
		{23DE3BF1-D156-44F8-B163-DFC4861AC179}.Debug|x64.Deploy.0 = Debug|x64
		{23DE3BF1-D156-44F8-B163-DFC4861AC179}.Release|x64.ActiveCfg = Release|x64
		{23DE3BF1-D156-44F8-B163-DFC4861AC179}.Release|x64.Build.0 = Release|x64
		{23DE3BF1-D156-44F8-B163-DFC4861AC179}.Release|x64.Deploy.0 = Release|x64
		{F171472F-87D2-49B2-9BC7-5AA7A2B100B1}.Debug|x64.ActiveCfg = Debug|x64
		{F171472F-87D2-49B2-9BC7-5AA7A2B100B1}.Debug|x64.Build.0 = Debug|x64
		{F171472F-87D2-49B2-9BC7-5AA7A2B100B1}.Debug|x64.Deploy.0 = Debug|x64
		{F171472F-87D2-49B2-9BC7-5AA7A2B100B1}.Release|x64.ActiveCfg = Release|x64
		{F171472F-87D2-49B2-9BC7-5AA7A2B100B1}.Release|x64.Build.0 = Release|x64
		{F171472F-87D2-49B2-9BC7-5AA7A2B100B1}.Release|x64.Deploy.0 = Release|x64
	EndGlobalSection
	GlobalSection(SolutionProperties) = preSolution
		HideSolutionNode = FALSE
	EndGlobalSection
	GlobalSection(ExtensibilityGlobals) = postSolution
		SolutionGuid = {4120EFC4-8D3B-4B9B-A57F-E7B10064B85F}
	EndGlobalSection
EndGlobal
