<?xml version="1.0" encoding="utf-8"?>
<Project ToolsVersion="4.0" xmlns="http://schemas.microsoft.com/developer/msbuild/2003">
  <ItemGroup>
    <Filter Include="Interface">
      <UniqueIdentifier>{ee3c223e-2439-40b0-b7b3-69eb3675b983}</UniqueIdentifier>
    </Filter>
  </ItemGroup>
  <ItemGroup>
    <ClInclude Include="ILoginModule.h">
      <Filter>Interface</Filter>
    </ClInclude>
    <ClInclude Include="LoginModule.h" />
    <ClInclude Include="LoginPlugin.h" />
    <ClInclude Include="LoginActor.h" />
  </ItemGroup>
  <ItemGroup>
    <ClCompile Include="dllmain.cpp" />
    <ClCompile Include="LoginModule.cpp" />
    <ClCompile Include="LoginPlugin.cpp" />
    <ClCompile Include="LoginActor.cpp" />
  </ItemGroup>
</Project>