<?xml version="1.0" encoding="utf-8"?>
<Project ToolsVersion="4.0" xmlns="http://schemas.microsoft.com/developer/msbuild/2003">
  <ItemGroup>
    <ClCompile Include="ConfigFile.cpp" />
    <ClCompile Include="DynLib.cpp" />
    <ClCompile Include="main.cpp" />
    <ClCompile Include="PluginManager.cpp" />
    <ClCompile Include="PollNet.cpp" />
    <ClCompile Include="ServerController.cpp" />
  </ItemGroup>
  <ItemGroup>
    <ClInclude Include="ConfigFile.h" />
    <ClInclude Include="DynLib.h" />
    <ClInclude Include="GameMessage.h" />
    <ClInclude Include="IConfigFile.h" />
    <ClInclude Include="IModule.h" />
    <ClInclude Include="IPlugin.h" />
    <ClInclude Include="IPluginManager.h" />
    <ClInclude Include="Plugin.h" />
    <ClInclude Include="PluginManager.h" />
    <ClInclude Include="PollNet.h" />
    <ClInclude Include="ServerController.h" />
    <ClInclude Include="ServerObj.h" />
    <ClInclude Include="CommonStruct.h">
      <Filter>Header</Filter>
    </ClInclude>
    <ClInclude Include="DefineHeader.h">
      <Filter>Header</Filter>
    </ClInclude>
    <ClInclude Include="ByteBuffer.h">
      <Filter>Header</Filter>
    </ClInclude>
    <ClInclude Include="ServerTypeDefine.h">
      <Filter>Header</Filter>
    </ClInclude>
    <ClInclude Include="BuiltInMsgDefine.h">
      <Filter>Header</Filter>
    </ClInclude>
    <ClInclude Include="UnpackNetMsg.h">
      <Filter>Package</Filter>
    </ClInclude>
    <ClInclude Include="PackageNetMsg.h">
      <Filter>Package</Filter>
    </ClInclude>
    <ClInclude Include="DataType.h">
      <Filter>Package</Filter>
    </ClInclude>
    <ClInclude Include="StructSchema.h">
      <Filter>Package</Filter>
    </ClInclude>
    <ClInclude Include="BuiltInDataDefine.h">
      <Filter>Package</Filter>
    </ClInclude>
  </ItemGroup>
  <ItemGroup>
    <Filter Include="Header">
      <UniqueIdentifier>{8fdd020c-e760-4b84-b23e-90305f0e1f6e}</UniqueIdentifier>
    </Filter>
    <Filter Include="Package">
      <UniqueIdentifier>{83ba4118-e128-41c3-b3f0-820a4b05709d}</UniqueIdentifier>
    </Filter>
  </ItemGroup>
</Project>