<?xml version="1.0" encoding="utf-8"?>
<Project ToolsVersion="4.0" xmlns="http://schemas.microsoft.com/developer/msbuild/2003">
  <ItemGroup>
    <ClCompile Include="ClientNetActor.cpp" />
    <ClCompile Include="ClientNetModule.cpp" />
    <ClCompile Include="dllmain.cpp" />
    <ClCompile Include="ServerNetModule.cpp" />
    <ClCompile Include="ServerNetPlugin.cpp" />
    <ClCompile Include="NetProccessModule.cpp" />
    <ClCompile Include="MsgRouterModule.cpp" />
    <ClCompile Include="ServerObjModule.cpp" />
    <ClCompile Include="NetCallbackModule.cpp" />
    <ClCompile Include="ClientHttpActor.cpp" />
    <ClCompile Include="llhttp.cpp">
      <Filter>llhttp</Filter>
    </ClCompile>
    <ClCompile Include="ServerObjActor.cpp" />
  </ItemGroup>
  <ItemGroup>
    <ClInclude Include="ClientNetActor.h" />
    <ClInclude Include="ClientNetModule.h" />
    <ClInclude Include="ServerNetModule.h" />
    <ClInclude Include="ServerNetPlugin.h" />
    <ClInclude Include="IClientNetModule.h">
      <Filter>Interface</Filter>
    </ClInclude>
    <ClInclude Include="IServerNetModule.h">
      <Filter>Interface</Filter>
    </ClInclude>
    <ClInclude Include="NetProccessModule.h" />
    <ClInclude Include="INetProccessModule.h">
      <Filter>Interface</Filter>
    </ClInclude>
    <ClInclude Include="MsgRouterModule.h" />
    <ClInclude Include="IMsgRouterModule.h">
      <Filter>Interface</Filter>
    </ClInclude>
    <ClInclude Include="ServerObjModule.h" />
    <ClInclude Include="IServerObjModule.h">
      <Filter>Interface</Filter>
    </ClInclude>
    <ClInclude Include="ClientPimpl.h">
      <Filter>Header</Filter>
    </ClInclude>
    <ClInclude Include="IClientNetActor.h">
      <Filter>Header</Filter>
    </ClInclude>
    <ClInclude Include="NetCallbackModule.h" />
    <ClInclude Include="INetCallbackModule.h">
      <Filter>Interface</Filter>
    </ClInclude>
    <ClInclude Include="BackendClient.h">
      <Filter>Header</Filter>
    </ClInclude>
    <ClInclude Include="ClientHttpActor.h" />
    <ClInclude Include="HttpBuffer.h">
      <Filter>Header</Filter>
    </ClInclude>
    <ClInclude Include="IHttpBuffer.h" />
    <ClInclude Include="llhttp.h">
      <Filter>llhttp</Filter>
    </ClInclude>
    <ClInclude Include="BindFunc.h">
      <Filter>Header</Filter>
    </ClInclude>
    <ClInclude Include="ServerObjActor.h" />
  </ItemGroup>
  <ItemGroup>
    <Filter Include="Interface">
      <UniqueIdentifier>{258c65b0-ca08-4fb2-ab8b-12ff41e9cd19}</UniqueIdentifier>
    </Filter>
    <Filter Include="Header">
      <UniqueIdentifier>{0583989b-2c28-49b8-a581-11220488a7c8}</UniqueIdentifier>
    </Filter>
    <Filter Include="llhttp">
      <UniqueIdentifier>{cf7bdfba-00fa-43a2-b4bd-b028a33c4547}</UniqueIdentifier>
    </Filter>
  </ItemGroup>
</Project>