<?xml version="1.0" encoding="utf-8"?>
<Project ToolsVersion="4.0" xmlns="http://schemas.microsoft.com/developer/msbuild/2003">
  <ItemGroup>
    <ClCompile Include="ClientNetModule.cpp" />
    <ClCompile Include="dllmain.cpp" />
    <ClCompile Include="ServerNetModule.cpp" />
    <ClCompile Include="ServerNetPlugin.cpp" />
    <ClCompile Include="NetProccessModule.cpp" />
    <ClCompile Include="MsgRouterModule.cpp" />
    <ClCompile Include="ServerObjModule.cpp" />
    <ClCompile Include="NetCallbackModule.cpp" />
    <ClCompile Include="FrontendSocketActor.cpp">
      <Filter>Actor</Filter>
    </ClCompile>
    <ClCompile Include="FrontendHttpActor.cpp">
      <Filter>Actor</Filter>
    </ClCompile>
    <ClCompile Include="BackendServerActor.cpp">
      <Filter>Actor</Filter>
    </ClCompile>
    <ClCompile Include="PollModule.cpp" />
    <ClCompile Include="PollClient.cpp">
      <Filter>PollClient</Filter>
    </ClCompile>
    <ClCompile Include="PollMasterClient.cpp">
      <Filter>PollClient</Filter>
    </ClCompile>
    <ClCompile Include="Helper.cpp">
      <Filter>Helper</Filter>
    </ClCompile>
    <ClCompile Include="Crypto.cpp">
      <Filter>Crypto</Filter>
    </ClCompile>
  </ItemGroup>
  <ItemGroup>
    <ClInclude Include="ClientNetModule.h" />
    <ClInclude Include="ServerNetModule.h" />
    <ClInclude Include="ServerNetPlugin.h" />
    <ClInclude Include="IClientNetModule.h">
      <Filter>Interface</Filter>
    </ClInclude>
    <ClInclude Include="IServerNetModule.h">
      <Filter>Interface</Filter>
    </ClInclude>
    <ClInclude Include="NetProccessModule.h" />
    <ClInclude Include="INetProccessModule.h">
      <Filter>Interface</Filter>
    </ClInclude>
    <ClInclude Include="MsgRouterModule.h" />
    <ClInclude Include="IMsgRouterModule.h">
      <Filter>Interface</Filter>
    </ClInclude>
    <ClInclude Include="ServerObjModule.h" />
    <ClInclude Include="IServerObjModule.h">
      <Filter>Interface</Filter>
    </ClInclude>
    <ClInclude Include="ClientPimpl.h">
      <Filter>Header</Filter>
    </ClInclude>
    <ClInclude Include="NetCallbackModule.h" />
    <ClInclude Include="INetCallbackModule.h">
      <Filter>Interface</Filter>
    </ClInclude>
    <ClInclude Include="BackendClient.h">
      <Filter>Header</Filter>
    </ClInclude>
    <ClInclude Include="BindFunc.h">
      <Filter>Header</Filter>
    </ClInclude>
    <ClInclude Include="INetActor.h">
      <Filter>Actor</Filter>
    </ClInclude>
    <ClInclude Include="IFrontendActor.h">
      <Filter>Actor</Filter>
    </ClInclude>
    <ClInclude Include="FrontendSocketActor.h">
      <Filter>Actor</Filter>
    </ClInclude>
    <ClInclude Include="FrontendHttpActor.h">
      <Filter>Actor</Filter>
    </ClInclude>
    <ClInclude Include="IBackendActor.h">
      <Filter>Actor</Filter>
    </ClInclude>
    <ClInclude Include="IHttpBuffer.h">
      <Filter>Header</Filter>
    </ClInclude>
    <ClInclude Include="BackendServerActor.h">
      <Filter>Actor</Filter>
    </ClInclude>
    <ClInclude Include="HPSocket.h">
      <Filter>HPSocket</Filter>
    </ClInclude>
    <ClInclude Include="GlobalDef.h">
      <Filter>HPSocket</Filter>
    </ClInclude>
    <ClInclude Include="SocketInterface.h">
      <Filter>HPSocket</Filter>
    </ClInclude>
    <ClInclude Include="HPTypeDef.h">
      <Filter>HPSocket</Filter>
    </ClInclude>
    <ClInclude Include="FrontendListenerImpl.h">
      <Filter>ListenerImpl</Filter>
    </ClInclude>
    <ClInclude Include="NetActor.h">
      <Filter>Actor</Filter>
    </ClInclude>
    <ClInclude Include="PollModule.h" />
    <ClInclude Include="IPollModule.h">
      <Filter>Interface</Filter>
    </ClInclude>
    <ClInclude Include="IPollClient.h">
      <Filter>PollClient</Filter>
    </ClInclude>
    <ClInclude Include="PollClient.h">
      <Filter>PollClient</Filter>
    </ClInclude>
    <ClInclude Include="PollMasterClient.h">
      <Filter>PollClient</Filter>
    </ClInclude>
    <ClInclude Include="MasterListenerImpl.h">
      <Filter>ListenerImpl</Filter>
    </ClInclude>
    <ClInclude Include="BackendMasterActor.h">
      <Filter>Actor</Filter>
    </ClInclude>
    <ClInclude Include="IListenerImpl.h">
      <Filter>ListenerImpl</Filter>
    </ClInclude>
    <ClInclude Include="HttpListener.h">
      <Filter>ListenerImpl</Filter>
    </ClInclude>
    <ClInclude Include="BackendListenerImpl.h">
      <Filter>ListenerImpl</Filter>
    </ClInclude>
    <ClInclude Include="Helper.h">
      <Filter>Helper</Filter>
    </ClInclude>
    <ClInclude Include="Crypto.h">
      <Filter>Crypto</Filter>
    </ClInclude>
  </ItemGroup>
  <ItemGroup>
    <Filter Include="Interface">
      <UniqueIdentifier>{258c65b0-ca08-4fb2-ab8b-12ff41e9cd19}</UniqueIdentifier>
    </Filter>
    <Filter Include="Header">
      <UniqueIdentifier>{0583989b-2c28-49b8-a581-11220488a7c8}</UniqueIdentifier>
    </Filter>
    <Filter Include="Actor">
      <UniqueIdentifier>{80da42b6-b9a5-4b63-8dcb-499f021f9e98}</UniqueIdentifier>
    </Filter>
    <Filter Include="HPSocket">
      <UniqueIdentifier>{6f5258b5-62d2-4eb9-a308-8f12cb67efec}</UniqueIdentifier>
    </Filter>
    <Filter Include="ListenerImpl">
      <UniqueIdentifier>{ff050c18-af3b-451d-b898-91bc8c8e99aa}</UniqueIdentifier>
    </Filter>
    <Filter Include="PollClient">
      <UniqueIdentifier>{9ee8cdc3-d502-4184-86cd-67862cf51ecf}</UniqueIdentifier>
    </Filter>
    <Filter Include="Helper">
      <UniqueIdentifier>{52f982b2-053e-4247-a62f-ca362c34b82b}</UniqueIdentifier>
    </Filter>
    <Filter Include="Crypto">
      <UniqueIdentifier>{2a27de2c-f9e5-4fa4-9e2b-9f1833d948e4}</UniqueIdentifier>
    </Filter>
  </ItemGroup>
</Project>